
Microsoft Visual Studio Solution File, Format Version 12.00
# Visual Studio 15
VisualStudioVersion = 15.0.26127.3
MinimumVisualStudioVersion = 10.0.40219.1
Project("{E24C65DC-7377-472B-9ABA-BC803B73C61A}") = "DailyBibleVerse.ChromeExtension", "DailyBibleVerse.ChromeExtension\", "{214812EF-8263-47D0-A4B9-90A57A477076}"
	ProjectSection(WebsiteProperties) = preProject
		TargetFrameworkMoniker = ".NETFramework,Version%3Dv4.0"
		Debug.AspNetCompiler.VirtualPath = "/localhost_55339"
		Debug.AspNetCompiler.PhysicalPath = "DailyBibleVerse.ChromeExtension\"
		Debug.AspNetCompiler.TargetPath = "PrecompiledWeb\localhost_55339\"
		Debug.AspNetCompiler.Updateable = "true"
		Debug.AspNetCompiler.ForceOverwrite = "true"
		Debug.AspNetCompiler.FixedNames = "false"
		Debug.AspNetCompiler.Debug = "True"
		Release.AspNetCompiler.VirtualPath = "/localhost_55339"
		Release.AspNetCompiler.PhysicalPath = "DailyBibleVerse.ChromeExtension\"
		Release.AspNetCompiler.TargetPath = "PrecompiledWeb\localhost_55339\"
		Release.AspNetCompiler.Updateable = "true"
		Release.AspNetCompiler.ForceOverwrite = "true"
		Release.AspNetCompiler.FixedNames = "false"
		Release.AspNetCompiler.Debug = "False"
		VWDPort = "55339"
		SlnRelativePath = "DailyBibleVerse.ChromeExtension\"
	EndProjectSection
EndProject
Global
	GlobalSection(SolutionConfigurationPlatforms) = preSolution
		Debug|Any CPU = Debug|Any CPU
	EndGlobalSection
	GlobalSection(ProjectConfigurationPlatforms) = postSolution
		{214812EF-8263-47D0-A4B9-90A57A477076}.Debug|Any CPU.ActiveCfg = Debug|Any CPU
		{214812EF-8263-47D0-A4B9-90A57A477076}.Debug|Any CPU.Build.0 = Debug|Any CPU
	EndGlobalSection
	GlobalSection(SolutionProperties) = preSolution
		HideSolutionNode = FALSE
	EndGlobalSection
EndGlobal
